PODS:
  - RxCocoa (4.1.2):
    - RxSwift (~> 4.0)
  - RxFlow (1.3.1):
    - RxCocoa (>= 4.0.0)
    - RxSwift (>= 4.0.0)
  - RxSwift (4.1.2)

DEPENDENCIES:
  - RxFlow (from `https://github.com/RxSwiftCommunity/RxFlow.git`, branch `develop`)

EXTERNAL SOURCES:
  RxFlow:
    :branch: develop
    :git: https://github.com/RxSwiftCommunity/RxFlow.git

CHECKOUT OPTIONS:
  RxFlow:
    :commit: ede578e70f4110c4c2454837d77f40cd3cd131c2
    :git: https://github.com/RxSwiftCommunity/RxFlow.git

SPEC CHECKSUMS:
  RxCocoa: d88ba0f1f6abf040011a9eb4b539324fc426843a
  RxFlow: ee881555c149350b1a0e78e2f7e149703bf37d28
  RxSwift: e49536837d9901277638493ea537394d4b55f570

PODFILE CHECKSUM: a58b3efea6805ad1a298c6c31c5ba241d8624a3a

COCOAPODS: 1.4.0
